<?xml version="1.0" encoding="utf-8"?>
<Project ToolsVersion="4.0" xmlns="http://schemas.microsoft.com/developer/msbuild/2003">
  <ItemGroup>
    <Filter Include="源文件">
      <UniqueIdentifier>{4FC737F1-C7A5-4376-A066-2A32D752A2FF}</UniqueIdentifier>
      <Extensions>cpp;c;cc;cxx;c++;cppm;ixx;def;odl;idl;hpj;bat;asm;asmx</Extensions>
    </Filter>
    <Filter Include="头文件">
      <UniqueIdentifier>{93995380-89BD-4b04-88EB-625FBE52EBFB}</UniqueIdentifier>
      <Extensions>h;hh;hpp;hxx;h++;hm;inl;inc;ipp;xsd</Extensions>
    </Filter>
    <Filter Include="资源文件">
      <UniqueIdentifier>{67DA6AB6-F800-4c08-8B7A-83BB121AAD01}</UniqueIdentifier>
      <Extensions>rc;ico;cur;bmp;dlg;rc2;rct;bin;rgs;gif;jpg;jpeg;jpe;resx;tiff;tif;png;wav;mfcribbon-ms</Extensions>
    </Filter>
  </ItemGroup>
  <ItemGroup>
    <ClCompile Include="dllmain.cpp">
      <Filter>源文件</Filter>
    </ClCompile>
    <ClCompile Include="cheat\cheat.cpp">
      <Filter>源文件</Filter>
    </ClCompile>
    <ClCompile Include="third_party\imgui\imgui.cpp">
      <Filter>源文件</Filter>
    </ClCompile>
    <ClCompile Include="third_party\imgui\imgui_draw.cpp">
      <Filter>源文件</Filter>
    </ClCompile>
    <ClCompile Include="third_party\imgui\imgui_impl_dx11.cpp">
      <Filter>源文件</Filter>
    </ClCompile>
    <ClCompile Include="third_party\imgui\imgui_impl_win32.cpp">
      <Filter>源文件</Filter>
    </ClCompile>
    <ClCompile Include="third_party\imgui\imgui_tables.cpp">
      <Filter>源文件</Filter>
    </ClCompile>
    <ClCompile Include="third_party\imgui\imgui_widgets.cpp">
      <Filter>源文件</Filter>
    </ClCompile>
    <ClCompile Include="log\log.cpp">
      <Filter>源文件</Filter>
    </ClCompile>
    <ClCompile Include="memory\memory.cpp">
      <Filter>源文件</Filter>
    </ClCompile>
    <ClCompile Include="windows_api\win_api.cpp">
      <Filter>源文件</Filter>
    </ClCompile>
    <ClCompile Include="core\hooks.cpp">
      <Filter>源文件</Filter>
    </ClCompile>
    <ClCompile Include="core\interfaces.cpp">
      <Filter>源文件</Filter>
    </ClCompile>
    <ClCompile Include="core\inputsystem.cpp">
      <Filter>源文件</Filter>
    </ClCompile>
    <ClCompile Include="render\render.cpp">
      <Filter>源文件</Filter>
    </ClCompile>
    <ClCompile Include="third_party\imgui\imgui_stdlib.cpp">
      <Filter>源文件</Filter>
    </ClCompile>
    <ClCompile Include="render\menu.cpp">
      <Filter>源文件</Filter>
    </ClCompile>
    <ClCompile Include="config\config.cpp">
      <Filter>源文件</Filter>
    </ClCompile>
    <ClCompile Include="sdk\entity.cpp">
      <Filter>源文件</Filter>
    </ClCompile>
    <ClCompile Include="utils\math.cpp">
      <Filter>源文件</Filter>
    </ClCompile>
    <ClCompile Include="sdk\datatypes\vector.cpp">
      <Filter>源文件</Filter>
    </ClCompile>
    <ClCompile Include="sdk\datatypes\qangle.cpp">
      <Filter>源文件</Filter>
    </ClCompile>
    <ClCompile Include="cheat\features\esp.cpp">
      <Filter>源文件</Filter>
    </ClCompile>
    <ClCompile Include="cheat\features\entity_var.cpp">
      <Filter>源文件</Filter>
    </ClCompile>
    <ClCompile Include="sdk\datatypes\matrix.cpp">
      <Filter>源文件</Filter>
    </ClCompile>
    <ClCompile Include="core\core.cpp">
      <Filter>源文件</Filter>
    </ClCompile>
    <ClCompile Include="core\convars.cpp">
      <Filter>源文件</Filter>
    </ClCompile>
  </ItemGroup>
  <ItemGroup>
    <ClInclude Include="utils\random.hpp">
      <Filter>头文件</Filter>
    </ClInclude>
    <ClInclude Include="cheat\cheat.hpp">
      <Filter>头文件</Filter>
    </ClInclude>
    <ClInclude Include="hook\hook_manager.hpp">
      <Filter>头文件</Filter>
    </ClInclude>
    <ClInclude Include="third_party\minhook\include\MinHook.h">
      <Filter>头文件</Filter>
    </ClInclude>
    <ClInclude Include="third_party\imgui\imconfig.h">
      <Filter>头文件</Filter>
    </ClInclude>
    <ClInclude Include="third_party\imgui\imgui.h">
      <Filter>头文件</Filter>
    </ClInclude>
    <ClInclude Include="third_party\imgui\imgui_impl_dx11.h">
      <Filter>头文件</Filter>
    </ClInclude>
    <ClInclude Include="third_party\imgui\imgui_impl_win32.h">
      <Filter>头文件</Filter>
    </ClInclude>
    <ClInclude Include="third_party\imgui\imgui_internal.h">
      <Filter>头文件</Filter>
    </ClInclude>
    <ClInclude Include="third_party\imgui\imstb_rectpack.h">
      <Filter>头文件</Filter>
    </ClInclude>
    <ClInclude Include="third_party\imgui\imstb_textedit.h">
      <Filter>头文件</Filter>
    </ClInclude>
    <ClInclude Include="third_party\imgui\imstb_truetype.h">
      <Filter>头文件</Filter>
    </ClInclude>
    <ClInclude Include="log\log.hpp">
      <Filter>头文件</Filter>
    </ClInclude>
    <ClInclude Include="utils\fnv1a.hpp">
      <Filter>头文件</Filter>
    </ClInclude>
    <ClInclude Include="utils\ct_constants.hpp">
      <Filter>头文件</Filter>
    </ClInclude>
    <ClInclude Include="core\core.hpp">
      <Filter>头文件</Filter>
    </ClInclude>
    <ClInclude Include="offset\client_dll.hpp">
      <Filter>头文件</Filter>
    </ClInclude>
    <ClInclude Include="offset\offsets.hpp">
      <Filter>头文件</Filter>
    </ClInclude>
    <ClInclude Include="offset\offset.hpp">
      <Filter>头文件</Filter>
    </ClInclude>
    <ClInclude Include="utils\xorstr.hpp">
      <Filter>头文件</Filter>
    </ClInclude>
    <ClInclude Include="utils\crt_string.hpp">
      <Filter>头文件</Filter>
    </ClInclude>
    <ClInclude Include="utils\malloc.hpp">
      <Filter>头文件</Filter>
    </ClInclude>
    <ClInclude Include="game\game_modules.hpp">
      <Filter>头文件</Filter>
    </ClInclude>
    <ClInclude Include="memory\memory.hpp">
      <Filter>头文件</Filter>
    </ClInclude>
    <ClInclude Include="utils\pe64.hpp">
      <Filter>头文件</Filter>
    </ClInclude>
    <ClInclude Include="windows_api\win_api.hpp">
      <Filter>头文件</Filter>
    </ClInclude>
    <ClInclude Include="game\vtable.hpp">
      <Filter>头文件</Filter>
    </ClInclude>
    <ClInclude Include="core\hooks.hpp">
      <Filter>头文件</Filter>
    </ClInclude>
    <ClInclude Include="core\interfaces.hpp">
      <Filter>头文件</Filter>
    </ClInclude>
    <ClInclude Include="sdk\interfaces\iinputsystem.hpp">
      <Filter>头文件</Filter>
    </ClInclude>
    <ClInclude Include="sdk\interfaces\iswapchaindx11.hpp">
      <Filter>头文件</Filter>
    </ClInclude>
    <ClInclude Include="core\common.hpp">
      <Filter>头文件</Filter>
    </ClInclude>
    <ClInclude Include="core\inputsystem.hpp">
      <Filter>头文件</Filter>
    </ClInclude>
    <ClInclude Include="render\render.hpp">
      <Filter>头文件</Filter>
    </ClInclude>
    <ClInclude Include="render\font.hpp">
      <Filter>头文件</Filter>
    </ClInclude>
    <ClInclude Include="third_party\imgui\imgui_stdlib.h">
      <Filter>头文件</Filter>
    </ClInclude>
    <ClInclude Include="render\menu.hpp">
      <Filter>头文件</Filter>
    </ClInclude>
    <ClInclude Include="config\config.hpp">
      <Filter>头文件</Filter>
    </ClInclude>
    <ClInclude Include="sdk\interfaces\iengineclient.hpp">
      <Filter>头文件</Filter>
    </ClInclude>
    <ClInclude Include="sdk\entity.hpp">
      <Filter>头文件</Filter>
    </ClInclude>
    <ClInclude Include="sdk\entity_handle.hpp">
      <Filter>头文件</Filter>
    </ClInclude>
    <ClInclude Include="sdk\const.hpp">
      <Filter>头文件</Filter>
    </ClInclude>
    <ClInclude Include="core\schema.hpp">
      <Filter>头文件</Filter>
    </ClInclude>
    <ClInclude Include="utils\math.hpp">
      <Filter>头文件</Filter>
    </ClInclude>
    <ClInclude Include="utils\crt.hpp">
      <Filter>头文件</Filter>
    </ClInclude>
    <ClInclude Include="sdk\datatypes\matrix.hpp">
      <Filter>头文件</Filter>
    </ClInclude>
    <ClInclude Include="sdk\datatypes\vector.hpp">
      <Filter>头文件</Filter>
    </ClInclude>
    <ClInclude Include="sdk\datatypes\qangle.hpp">
      <Filter>头文件</Filter>
    </ClInclude>
    <ClInclude Include="cheat\features\esp.hpp">
      <Filter>头文件</Filter>
    </ClInclude>
    <ClInclude Include="cheat\features\entity_var.hpp">
      <Filter>头文件</Filter>
    </ClInclude>
    <ClInclude Include="sdk\interfaces\ienginecvar.hpp">
      <Filter>头文件</Filter>
    </ClInclude>
    <ClInclude Include="sdk\datatypes\color.hpp">
      <Filter>头文件</Filter>
    </ClInclude>
    <ClInclude Include="sdk\datatypes\utllinkedlist.hpp">
      <Filter>头文件</Filter>
    </ClInclude>
    <ClInclude Include="sdk\datatypes\utlmemory.hpp">
      <Filter>头文件</Filter>
    </ClInclude>
    <ClInclude Include="sdk\datatypes\utlfixedmemory.hpp">
      <Filter>头文件</Filter>
    </ClInclude>
    <ClInclude Include="sdk\interfaces\imemalloc.hpp">
      <Filter>头文件</Filter>
    </ClInclude>
    <ClInclude Include="core\convars.hpp">
      <Filter>头文件</Filter>
    </ClInclude>
  </ItemGroup>
  <ItemGroup>
    <Library Include="third_party\minhook\lib\libMinHook.x64.lib" />
  </ItemGroup>
</Project>